
Microsoft Visual Studio Solution File, Format Version 12.00
# Visual Studio Version 17
VisualStudioVersion = 17.11.35219.272
MinimumVisualStudioVersion = 10.0.40219.1
Project("{9A19103F-16F7-4668-BE54-9A1E7A4F7556}") = "KuzinShop", "KuzinShop\KuzinShop.csproj", "{D0D4C03A-5A68-4822-BC48-F92ACAC5D1A2}"
EndProject
Global
	GlobalSection(SolutionConfigurationPlatforms) = preSolution
		Debug|Any CPU = Debug|Any CPU
		Release|Any CPU = Release|Any CPU
	EndGlobalSection
	GlobalSection(ProjectConfigurationPlatforms) = postSolution
		{D0D4C03A-5A68-4822-BC48-F92ACAC5D1A2}.Debug|Any CPU.ActiveCfg = Debug|Any CPU
		{D0D4C03A-5A68-4822-BC48-F92ACAC5D1A2}.Debug|Any CPU.Build.0 = Debug|Any CPU
		{D0D4C03A-5A68-4822-BC48-F92ACAC5D1A2}.Release|Any CPU.ActiveCfg = Release|Any CPU
		{D0D4C03A-5A68-4822-BC48-F92ACAC5D1A2}.Release|Any CPU.Build.0 = Release|Any CPU
	EndGlobalSection
	GlobalSection(SolutionProperties) = preSolution
		HideSolutionNode = FALSE
	EndGlobalSection
	GlobalSection(ExtensibilityGlobals) = postSolution
		SolutionGuid = {029DFC1A-8DCE-4036-8F08-DCCE4FB88DBD}
	EndGlobalSection
EndGlobal
